
Microsoft Visual Studio Solution File, Format Version 12.00
# Visual Studio Version 16
VisualStudioVersion = 16.0.30611.23
MinimumVisualStudioVersion = 10.0.40219.1
Project("{FAE04EC0-301F-11D3-BF4B-00C04F79EFBC}") = "ProyectoBastaDistribuido", "ProyectoBastaDistribuido\ProyectoBastaDistribuido.csproj", "{59EEDBDC-AB38-4156-9381-E6D84B0AB4AD}"
EndProject
Global
	GlobalSection(SolutionConfigurationPlatforms) = preSolution
		Debug|Any CPU = Debug|Any CPU
		Release|Any CPU = Release|Any CPU
	EndGlobalSection
	GlobalSection(ProjectConfigurationPlatforms) = postSolution
		{59EEDBDC-AB38-4156-9381-E6D84B0AB4AD}.Debug|Any CPU.ActiveCfg = Debug|Any CPU
		{59EEDBDC-AB38-4156-9381-E6D84B0AB4AD}.Debug|Any CPU.Build.0 = Debug|Any CPU
		{59EEDBDC-AB38-4156-9381-E6D84B0AB4AD}.Release|Any CPU.ActiveCfg = Release|Any CPU
		{59EEDBDC-AB38-4156-9381-E6D84B0AB4AD}.Release|Any CPU.Build.0 = Release|Any CPU
	EndGlobalSection
	GlobalSection(SolutionProperties) = preSolution
		HideSolutionNode = FALSE
	EndGlobalSection
	GlobalSection(ExtensibilityGlobals) = postSolution
		SolutionGuid = {3B10EFF0-42C5-445A-9176-9DED7C39B45F}
	EndGlobalSection
EndGlobal
